
Microsoft Visual Studio Solution File, Format Version 12.00
# Visual Studio 15
VisualStudioVersion = 15.0.28307.168
MinimumVisualStudioVersion = 10.0.40219.1
Project("{FAE04EC0-301F-11D3-BF4B-00C04F79EFBC}") = "Lands.Android", "Lands\Lands.Android\Lands.Android.csproj", "{1C9A194E-343A-4EF5-963D-F96901607221}"
EndProject
Project("{FAE04EC0-301F-11D3-BF4B-00C04F79EFBC}") = "Lands.iOS", "Lands\Lands.iOS\Lands.iOS.csproj", "{A09A1D6E-49B4-488A-87E1-8693DA8277D1}"
EndProject
Project("{FAE04EC0-301F-11D3-BF4B-00C04F79EFBC}") = "Lands", "Lands\Lands\Lands.csproj", "{33AC68E2-423E-46D5-B1B1-1892B829E72E}"
EndProject
Global
	GlobalSection(SolutionConfigurationPlatforms) = preSolution
		Ad-Hoc|Any CPU = Ad-Hoc|Any CPU
		Ad-Hoc|iPhone = Ad-Hoc|iPhone
		Ad-Hoc|iPhoneSimulator = Ad-Hoc|iPhoneSimulator
		AppStore|Any CPU = AppStore|Any CPU
		AppStore|iPhone = AppStore|iPhone
		AppStore|iPhoneSimulator = AppStore|iPhoneSimulator
		Debug|Any CPU = Debug|Any CPU
		Debug|iPhone = Debug|iPhone
		Debug|iPhoneSimulator = Debug|iPhoneSimulator
		Release|Any CPU = Release|Any CPU
		Release|iPhone = Release|iPhone
		Release|iPhoneSimulator = Release|iPhoneSimulator
	EndGlobalSection
	GlobalSection(ProjectConfigurationPlatforms) = postSolution
		{1C9A194E-343A-4EF5-963D-F96901607221}.Ad-Hoc|Any CPU.ActiveCfg = Release|Any CPU
		{1C9A194E-343A-4EF5-963D-F96901607221}.Ad-Hoc|Any CPU.Build.0 = Release|Any CPU
		{1C9A194E-343A-4EF5-963D-F96901607221}.Ad-Hoc|Any CPU.Deploy.0 = Release|Any CPU
		{1C9A194E-343A-4EF5-963D-F96901607221}.Ad-Hoc|iPhone.ActiveCfg = Release|Any CPU
		{1C9A194E-343A-4EF5-963D-F96901607221}.Ad-Hoc|iPhone.Build.0 = Release|Any CPU
		{1C9A194E-343A-4EF5-963D-F96901607221}.Ad-Hoc|iPhone.Deploy.0 = Release|Any CPU
		{1C9A194E-343A-4EF5-963D-F96901607221}.Ad-Hoc|iPhoneSimulator.ActiveCfg = Release|Any CPU
		{1C9A194E-343A-4EF5-963D-F96901607221}.Ad-Hoc|iPhoneSimulator.Build.0 = Release|Any CPU
		{1C9A194E-343A-4EF5-963D-F96901607221}.Ad-Hoc|iPhoneSimulator.Deploy.0 = Release|Any CPU
		{1C9A194E-343A-4EF5-963D-F96901607221}.AppStore|Any CPU.ActiveCfg = Release|Any CPU
		{1C9A194E-343A-4EF5-963D-F96901607221}.AppStore|Any CPU.Build.0 = Release|Any CPU
		{1C9A194E-343A-4EF5-963D-F96901607221}.AppStore|Any CPU.Deploy.0 = Release|Any CPU
		{1C9A194E-343A-4EF5-963D-F96901607221}.AppStore|iPhone.ActiveCfg = Release|Any CPU
		{1C9A194E-343A-4EF5-963D-F96901607221}.AppStore|iPhone.Build.0 = Release|Any CPU
		{1C9A194E-343A-4EF5-963D-F96901607221}.AppStore|iPhone.Deploy.0 = Release|Any CPU
		{1C9A194E-343A-4EF5-963D-F96901607221}.AppStore|iPhoneSimulator.ActiveCfg = Release|Any CPU
		{1C9A194E-343A-4EF5-963D-F96901607221}.AppStore|iPhoneSimulator.Build.0 = Release|Any CPU
		{1C9A194E-343A-4EF5-963D-F96901607221}.AppStore|iPhoneSimulator.Deploy.0 = Release|Any CPU
		{1C9A194E-343A-4EF5-963D-F96901607221}.Debug|Any CPU.ActiveCfg = Debug|Any CPU
		{1C9A194E-343A-4EF5-963D-F96901607221}.Debug|Any CPU.Build.0 = Debug|Any CPU
		{1C9A194E-343A-4EF5-963D-F96901607221}.Debug|Any CPU.Deploy.0 = Debug|Any CPU
		{1C9A194E-343A-4EF5-963D-F96901607221}.Debug|iPhone.ActiveCfg = Debug|Any CPU
		{1C9A194E-343A-4EF5-963D-F96901607221}.Debug|iPhone.Build.0 = Debug|Any CPU
		{1C9A194E-343A-4EF5-963D-F96901607221}.Debug|iPhone.Deploy.0 = Debug|Any CPU
		{1C9A194E-343A-4EF5-963D-F96901607221}.Debug|iPhoneSimulator.ActiveCfg = Debug|Any CPU
		{1C9A194E-343A-4EF5-963D-F96901607221}.Debug|iPhoneSimulator.Build.0 = Debug|Any CPU
		{1C9A194E-343A-4EF5-963D-F96901607221}.Debug|iPhoneSimulator.Deploy.0 = Debug|Any CPU
		{1C9A194E-343A-4EF5-963D-F96901607221}.Release|Any CPU.ActiveCfg = Release|Any CPU
		{1C9A194E-343A-4EF5-963D-F96901607221}.Release|Any CPU.Build.0 = Release|Any CPU
		{1C9A194E-343A-4EF5-963D-F96901607221}.Release|Any CPU.Deploy.0 = Release|Any CPU
		{1C9A194E-343A-4EF5-963D-F96901607221}.Release|iPhone.ActiveCfg = Release|Any CPU
		{1C9A194E-343A-4EF5-963D-F96901607221}.Release|iPhone.Build.0 = Release|Any CPU
		{1C9A194E-343A-4EF5-963D-F96901607221}.Release|iPhone.Deploy.0 = Release|Any CPU
		{1C9A194E-343A-4EF5-963D-F96901607221}.Release|iPhoneSimulator.ActiveCfg = Release|Any CPU
		{1C9A194E-343A-4EF5-963D-F96901607221}.Release|iPhoneSimulator.Build.0 = Release|Any CPU
		{1C9A194E-343A-4EF5-963D-F96901607221}.Release|iPhoneSimulator.Deploy.0 = Release|Any CPU
		{A09A1D6E-49B4-488A-87E1-8693DA8277D1}.Ad-Hoc|Any CPU.ActiveCfg = Ad-Hoc|iPhone
		{A09A1D6E-49B4-488A-87E1-8693DA8277D1}.Ad-Hoc|Any CPU.Build.0 = Ad-Hoc|iPhone
		{A09A1D6E-49B4-488A-87E1-8693DA8277D1}.Ad-Hoc|Any CPU.Deploy.0 = Ad-Hoc|iPhone
		{A09A1D6E-49B4-488A-87E1-8693DA8277D1}.Ad-Hoc|iPhone.ActiveCfg = Ad-Hoc|iPhone
		{A09A1D6E-49B4-488A-87E1-8693DA8277D1}.Ad-Hoc|iPhone.Build.0 = Ad-Hoc|iPhone
		{A09A1D6E-49B4-488A-87E1-8693DA8277D1}.Ad-Hoc|iPhone.Deploy.0 = Ad-Hoc|iPhone
		{A09A1D6E-49B4-488A-87E1-8693DA8277D1}.Ad-Hoc|iPhoneSimulator.ActiveCfg = Ad-Hoc|iPhoneSimulator
		{A09A1D6E-49B4-488A-87E1-8693DA8277D1}.Ad-Hoc|iPhoneSimulator.Build.0 = Ad-Hoc|iPhoneSimulator
		{A09A1D6E-49B4-488A-87E1-8693DA8277D1}.Ad-Hoc|iPhoneSimulator.Deploy.0 = Ad-Hoc|iPhoneSimulator
		{A09A1D6E-49B4-488A-87E1-8693DA8277D1}.AppStore|Any CPU.ActiveCfg = AppStore|iPhone
		{A09A1D6E-49B4-488A-87E1-8693DA8277D1}.AppStore|Any CPU.Build.0 = AppStore|iPhone
		{A09A1D6E-49B4-488A-87E1-8693DA8277D1}.AppStore|Any CPU.Deploy.0 = AppStore|iPhone
		{A09A1D6E-49B4-488A-87E1-8693DA8277D1}.AppStore|iPhone.ActiveCfg = AppStore|iPhone
		{A09A1D6E-49B4-488A-87E1-8693DA8277D1}.AppStore|iPhone.Build.0 = AppStore|iPhone
		{A09A1D6E-49B4-488A-87E1-8693DA8277D1}.AppStore|iPhone.Deploy.0 = AppStore|iPhone
		{A09A1D6E-49B4-488A-87E1-8693DA8277D1}.AppStore|iPhoneSimulator.ActiveCfg = AppStore|iPhoneSimulator
		{A09A1D6E-49B4-488A-87E1-8693DA8277D1}.AppStore|iPhoneSimulator.Build.0 = AppStore|iPhoneSimulator
		{A09A1D6E-49B4-488A-87E1-8693DA8277D1}.AppStore|iPhoneSimulator.Deploy.0 = AppStore|iPhoneSimulator
		{A09A1D6E-49B4-488A-87E1-8693DA8277D1}.Debug|Any CPU.ActiveCfg = Debug|iPhoneSimulator
		{A09A1D6E-49B4-488A-87E1-8693DA8277D1}.Debug|Any CPU.Build.0 = Debug|iPhoneSimulator
		{A09A1D6E-49B4-488A-87E1-8693DA8277D1}.Debug|Any CPU.Deploy.0 = Debug|iPhoneSimulator
		{A09A1D6E-49B4-488A-87E1-8693DA8277D1}.Debug|iPhone.ActiveCfg = Debug|iPhone
		{A09A1D6E-49B4-488A-87E1-8693DA8277D1}.Debug|iPhone.Build.0 = Debug|iPhone
		{A09A1D6E-49B4-488A-87E1-8693DA8277D1}.Debug|iPhone.Deploy.0 = Debug|iPhone
		{A09A1D6E-49B4-488A-87E1-8693DA8277D1}.Debug|iPhoneSimulator.ActiveCfg = Debug|iPhoneSimulator
		{A09A1D6E-49B4-488A-87E1-8693DA8277D1}.Debug|iPhoneSimulator.Build.0 = Debug|iPhoneSimulator
		{A09A1D6E-49B4-488A-87E1-8693DA8277D1}.Debug|iPhoneSimulator.Deploy.0 = Debug|iPhoneSimulator
		{A09A1D6E-49B4-488A-87E1-8693DA8277D1}.Release|Any CPU.ActiveCfg = Release|iPhone
		{A09A1D6E-49B4-488A-87E1-8693DA8277D1}.Release|Any CPU.Build.0 = Release|iPhone
		{A09A1D6E-49B4-488A-87E1-8693DA8277D1}.Release|Any CPU.Deploy.0 = Release|iPhone
		{A09A1D6E-49B4-488A-87E1-8693DA8277D1}.Release|iPhone.ActiveCfg = Release|iPhone
		{A09A1D6E-49B4-488A-87E1-8693DA8277D1}.Release|iPhone.Build.0 = Release|iPhone
		{A09A1D6E-49B4-488A-87E1-8693DA8277D1}.Release|iPhone.Deploy.0 = Release|iPhone
		{A09A1D6E-49B4-488A-87E1-8693DA8277D1}.Release|iPhoneSimulator.ActiveCfg = Release|iPhoneSimulator
		{A09A1D6E-49B4-488A-87E1-8693DA8277D1}.Release|iPhoneSimulator.Build.0 = Release|iPhoneSimulator
		{A09A1D6E-49B4-488A-87E1-8693DA8277D1}.Release|iPhoneSimulator.Deploy.0 = Release|iPhoneSimulator
		{33AC68E2-423E-46D5-B1B1-1892B829E72E}.Ad-Hoc|Any CPU.ActiveCfg = Debug|Any CPU
		{33AC68E2-423E-46D5-B1B1-1892B829E72E}.Ad-Hoc|Any CPU.Build.0 = Debug|Any CPU
		{33AC68E2-423E-46D5-B1B1-1892B829E72E}.Ad-Hoc|Any CPU.Deploy.0 = Debug|Any CPU
		{33AC68E2-423E-46D5-B1B1-1892B829E72E}.Ad-Hoc|iPhone.ActiveCfg = Debug|Any CPU
		{33AC68E2-423E-46D5-B1B1-1892B829E72E}.Ad-Hoc|iPhone.Build.0 = Debug|Any CPU
		{33AC68E2-423E-46D5-B1B1-1892B829E72E}.Ad-Hoc|iPhone.Deploy.0 = Debug|Any CPU
		{33AC68E2-423E-46D5-B1B1-1892B829E72E}.Ad-Hoc|iPhoneSimulator.ActiveCfg = Debug|Any CPU
		{33AC68E2-423E-46D5-B1B1-1892B829E72E}.Ad-Hoc|iPhoneSimulator.Build.0 = Debug|Any CPU
		{33AC68E2-423E-46D5-B1B1-1892B829E72E}.Ad-Hoc|iPhoneSimulator.Deploy.0 = Debug|Any CPU
		{33AC68E2-423E-46D5-B1B1-1892B829E72E}.AppStore|Any CPU.ActiveCfg = Debug|Any CPU
		{33AC68E2-423E-46D5-B1B1-1892B829E72E}.AppStore|Any CPU.Build.0 = Debug|Any CPU
		{33AC68E2-423E-46D5-B1B1-1892B829E72E}.AppStore|Any CPU.Deploy.0 = Debug|Any CPU
		{33AC68E2-423E-46D5-B1B1-1892B829E72E}.AppStore|iPhone.ActiveCfg = Debug|Any CPU
		{33AC68E2-423E-46D5-B1B1-1892B829E72E}.AppStore|iPhone.Build.0 = Debug|Any CPU
		{33AC68E2-423E-46D5-B1B1-1892B829E72E}.AppStore|iPhone.Deploy.0 = Debug|Any CPU
		{33AC68E2-423E-46D5-B1B1-1892B829E72E}.AppStore|iPhoneSimulator.ActiveCfg = Debug|Any CPU
		{33AC68E2-423E-46D5-B1B1-1892B829E72E}.AppStore|iPhoneSimulator.Build.0 = Debug|Any CPU
		{33AC68E2-423E-46D5-B1B1-1892B829E72E}.AppStore|iPhoneSimulator.Deploy.0 = Debug|Any CPU
		{33AC68E2-423E-46D5-B1B1-1892B829E72E}.Debug|Any CPU.ActiveCfg = Debug|Any CPU
		{33AC68E2-423E-46D5-B1B1-1892B829E72E}.Debug|Any CPU.Build.0 = Debug|Any CPU
		{33AC68E2-423E-46D5-B1B1-1892B829E72E}.Debug|Any CPU.Deploy.0 = Debug|Any CPU
		{33AC68E2-423E-46D5-B1B1-1892B829E72E}.Debug|iPhone.ActiveCfg = Debug|Any CPU
		{33AC68E2-423E-46D5-B1B1-1892B829E72E}.Debug|iPhone.Build.0 = Debug|Any CPU
		{33AC68E2-423E-46D5-B1B1-1892B829E72E}.Debug|iPhone.Deploy.0 = Debug|Any CPU
		{33AC68E2-423E-46D5-B1B1-1892B829E72E}.Debug|iPhoneSimulator.ActiveCfg = Debug|Any CPU
		{33AC68E2-423E-46D5-B1B1-1892B829E72E}.Debug|iPhoneSimulator.Build.0 = Debug|Any CPU
		{33AC68E2-423E-46D5-B1B1-1892B829E72E}.Debug|iPhoneSimulator.Deploy.0 = Debug|Any CPU
		{33AC68E2-423E-46D5-B1B1-1892B829E72E}.Release|Any CPU.ActiveCfg = Release|Any CPU
		{33AC68E2-423E-46D5-B1B1-1892B829E72E}.Release|Any CPU.Build.0 = Release|Any CPU
		{33AC68E2-423E-46D5-B1B1-1892B829E72E}.Release|Any CPU.Deploy.0 = Release|Any CPU
		{33AC68E2-423E-46D5-B1B1-1892B829E72E}.Release|iPhone.ActiveCfg = Release|Any CPU
		{33AC68E2-423E-46D5-B1B1-1892B829E72E}.Release|iPhone.Build.0 = Release|Any CPU
		{33AC68E2-423E-46D5-B1B1-1892B829E72E}.Release|iPhone.Deploy.0 = Release|Any CPU
		{33AC68E2-423E-46D5-B1B1-1892B829E72E}.Release|iPhoneSimulator.ActiveCfg = Release|Any CPU
		{33AC68E2-423E-46D5-B1B1-1892B829E72E}.Release|iPhoneSimulator.Build.0 = Release|Any CPU
		{33AC68E2-423E-46D5-B1B1-1892B829E72E}.Release|iPhoneSimulator.Deploy.0 = Release|Any CPU
	EndGlobalSection
	GlobalSection(SolutionProperties) = preSolution
		HideSolutionNode = FALSE
	EndGlobalSection
	GlobalSection(ExtensibilityGlobals) = postSolution
		SolutionGuid = {554D2F12-1507-4352-9CE5-F266058A0EE1}
	EndGlobalSection
EndGlobal
